// !$*UTF8*$!
{
	archiveVersion = 1;
	classes = {
	};
	objectVersion = 77;
	objects = {

/* Begin PBXContainerItemProxy section */
		3DC7E87A2DFF27CC009C59D3 /* PBXContainerItemProxy */ = {
			isa = PBXContainerItemProxy;
			containerPortal = 3DC7E8612DFF27CB009C59D3 /* Project object */;
			proxyType = 1;
			remoteGlobalIDString = 3DC7E8682DFF27CB009C59D3;
			remoteInfo = NLPClient;
		};
		3DC7E8842DFF27CC009C59D3 /* PBXContainerItemProxy */ = {
			isa = PBXContainerItemProxy;
			containerPortal = 3DC7E8612DFF27CB009C59D3 /* Project object */;
			proxyType = 1;
			remoteGlobalIDString = 3DC7E8682DFF27CB009C59D3;
			remoteInfo = NLPClient;
		};
/* End PBXContainerItemProxy section */

/* Begin PBXFileReference section */
		3DC7E8692DFF27CB009C59D3 /* NLPClient.app */ = {isa = PBXFileReference; explicitFileType = wrapper.application; includeInIndex = 0; path = NLPClient.app; sourceTree = BUILT_PRODUCTS_DIR; };
		3DC7E8792DFF27CC009C59D3 /* NLPClientTests.xctest */ = {isa = PBXFileReference; explicitFileType = wrapper.cfbundle; includeInIndex = 0; path = NLPClientTests.xctest; sourceTree = BUILT_PRODUCTS_DIR; };
		3DC7E8832DFF27CC009C59D3 /* NLPClientUITests.xctest */ = {isa = PBXFileReference; explicitFileType = wrapper.cfbundle; includeInIndex = 0; path = NLPClientUITests.xctest; sourceTree = BUILT_PRODUCTS_DIR; };
/* End PBXFileReference section */

/* Begin PBXFileSystemSynchronizedRootGroup section */
		3DC7E86B2DFF27CB009C59D3 /* NLPClient */ = {
			isa = PBXFileSystemSynchronizedRootGroup;
			path = NLPClient;
			sourceTree = "<group>";
		};
		3DC7E87C2DFF27CC009C59D3 /* NLPClientTests */ = {
			isa = PBXFileSystemSynchronizedRootGroup;
			path = NLPClientTests;
			sourceTree = "<group>";
		};
		3DC7E8862DFF27CC009C59D3 /* NLPClientUITests */ = {
			isa = PBXFileSystemSynchronizedRootGroup;
			path = NLPClientUITests;
			sourceTree = "<group>";
		};
/* End PBXFileSystemSynchronizedRootGroup section */

/* Begin PBXFrameworksBuildPhase section */
		3DC7E8662DFF27CB009C59D3 /* Frameworks */ = {
			isa = PBXFrameworksBuildPhase;
			buildActionMask = 2147483647;
			files = (
			);
			runOnlyForDeploymentPostprocessing = 0;
		};
		3DC7E8762DFF27CC009C59D3 /* Frameworks */ = {
			isa = PBXFrameworksBuildPhase;
			buildActionMask = 2147483647;
			files = (
			);
			runOnlyForDeploymentPostprocessing = 0;
		};
		3DC7E8802DFF27CC009C59D3 /* Frameworks */ = {
			isa = PBXFrameworksBuildPhase;
			buildActionMask = 2147483647;
			files = (
			);
			runOnlyForDeploymentPostprocessing = 0;
		};
/* End PBXFrameworksBuildPhase section */

/* Begin PBXGroup section */
		3DC7E8602DFF27CB009C59D3 = {
			isa = PBXGroup;
			children = (
				3DC7E86B2DFF27CB009C59D3 /* NLPClient */,
				3DC7E87C2DFF27CC009C59D3 /* NLPClientTests */,
				3DC7E8862DFF27CC009C59D3 /* NLPClientUITests */,
				3DC7E86A2DFF27CB009C59D3 /* Products */,
			);
			sourceTree = "<group>";
		};
		3DC7E86A2DFF27CB009C59D3 /* Products */ = {
			isa = PBXGroup;
			children = (
				3DC7E8692DFF27CB009C59D3 /* NLPClient.app */,
				3DC7E8792DFF27CC009C59D3 /* NLPClientTests.xctest */,
				3DC7E8832DFF27CC009C59D3 /* NLPClientUITests.xctest */,
			);
			name = Products;
			sourceTree = "<group>";
		};
/* End PBXGroup section */

/* Begin PBXNativeTarget section */
		3DC7E8682DFF27CB009C59D3 /* NLPClient */ = {
			isa = PBXNativeTarget;
			buildConfigurationList = 3DC7E88D2DFF27CC009C59D3 /* Build configuration list for PBXNativeTarget "NLPClient" */;
			buildPhases = (
				3DC7E8652DFF27CB009C59D3 /* Sources */,
				3DC7E8662DFF27CB009C59D3 /* Frameworks */,
				3DC7E8672DFF27CB009C59D3 /* Resources */,
			);
			buildRules = (
			);
			dependencies = (
			);
			fileSystemSynchronizedGroups = (
				3DC7E86B2DFF27CB009C59D3 /* NLPClient */,
			);
			name = NLPClient;
			packageProductDependencies = (
			);
			productName = NLPClient;
			productReference = 3DC7E8692DFF27CB009C59D3 /* NLPClient.app */;
			productType = "com.apple.product-type.application";
		};
		3DC7E8782DFF27CC009C59D3 /* NLPClientTests */ = {
			isa = PBXNativeTarget;
			buildConfigurationList = 3DC7E8902DFF27CC009C59D3 /* Build configuration list for PBXNativeTarget "NLPClientTests" */;
			buildPhases = (
				3DC7E8752DFF27CC009C59D3 /* Sources */,
				3DC7E8762DFF27CC009C59D3 /* Frameworks */,
				3DC7E8772DFF27CC009C59D3 /* Resources */,
			);
			buildRules = (
			);
			dependencies = (
				3DC7E87B2DFF27CC009C59D3 /* PBXTargetDependency */,
			);
			fileSystemSynchronizedGroups = (
				3DC7E87C2DFF27CC009C59D3 /* NLPClientTests */,
			);
			name = NLPClientTests;
			packageProductDependencies = (
			);
			productName = NLPClientTests;
			productReference = 3DC7E8792DFF27CC009C59D3 /* NLPClientTests.xctest */;
			productType = "com.apple.product-type.bundle.unit-test";
		};
		3DC7E8822DFF27CC009C59D3 /* NLPClientUITests */ = {
			isa = PBXNativeTarget;
			buildConfigurationList = 3DC7E8932DFF27CC009C59D3 /* Build configuration list for PBXNativeTarget "NLPClientUITests" */;
			buildPhases = (
				3DC7E87F2DFF27CC009C59D3 /* Sources */,
				3DC7E8802DFF27CC009C59D3 /* Frameworks */,
				3DC7E8812DFF27CC009C59D3 /* Resources */,
			);
			buildRules = (
			);
			dependencies = (
				3DC7E8852DFF27CC009C59D3 /* PBXTargetDependency */,
			);
			fileSystemSynchronizedGroups = (
				3DC7E8862DFF27CC009C59D3 /* NLPClientUITests */,
			);
			name = NLPClientUITests;
			packageProductDependencies = (
			);
			productName = NLPClientUITests;
			productReference = 3DC7E8832DFF27CC009C59D3 /* NLPClientUITests.xctest */;
			productType = "com.apple.product-type.bundle.ui-testing";
		};
/* End PBXNativeTarget section */

/* Begin PBXProject section */
		3DC7E8612DFF27CB009C59D3 /* Project object */ = {
			isa = PBXProject;
			attributes = {
				BuildIndependentTargetsInParallel = 1;
				LastSwiftUpdateCheck = 1620;
				LastUpgradeCheck = 1620;
				TargetAttributes = {
					3DC7E8682DFF27CB009C59D3 = {
						CreatedOnToolsVersion = 16.2;
					};
					3DC7E8782DFF27CC009C59D3 = {
						CreatedOnToolsVersion = 16.2;
						TestTargetID = 3DC7E8682DFF27CB009C59D3;
					};
					3DC7E8822DFF27CC009C59D3 = {
						CreatedOnToolsVersion = 16.2;
						TestTargetID = 3DC7E8682DFF27CB009C59D3;
					};
				};
			};
			buildConfigurationList = 3DC7E8642DFF27CB009C59D3 /* Build configuration list for PBXProject "NLPClient" */;
			developmentRegion = en;
			hasScannedForEncodings = 0;
			knownRegions = (
				en,
				Base,
			);
			mainGroup = 3DC7E8602DFF27CB009C59D3;
			minimizedProjectReferenceProxies = 1;
			preferredProjectObjectVersion = 77;
			productRefGroup = 3DC7E86A2DFF27CB009C59D3 /* Products */;
			projectDirPath = "";
			projectRoot = "";
			targets = (
				3DC7E8682DFF27CB009C59D3 /* NLPClient */,
				3DC7E8782DFF27CC009C59D3 /* NLPClientTests */,
				3DC7E8822DFF27CC009C59D3 /* NLPClientUITests */,
			);
		};
/* End PBXProject section */

/* Begin PBXResourcesBuildPhase section */
		3DC7E8672DFF27CB009C59D3 /* Resources */ = {
			isa = PBXResourcesBuildPhase;
			buildActionMask = 2147483647;
			files = (
			);
			runOnlyForDeploymentPostprocessing = 0;
		};
		3DC7E8772DFF27CC009C59D3 /* Resources */ = {
			isa = PBXResourcesBuildPhase;
			buildActionMask = 2147483647;
			files = (
			);
			runOnlyForDeploymentPostprocessing = 0;
		};
		3DC7E8812DFF27CC009C59D3 /* Resources */ = {
			isa = PBXResourcesBuildPhase;
			buildActionMask = 2147483647;
			files = (
			);
			runOnlyForDeploymentPostprocessing = 0;
		};
/* End PBXResourcesBuildPhase section */

/* Begin PBXSourcesBuildPhase section */
		3DC7E8652DFF27CB009C59D3 /* Sources */ = {
			isa = PBXSourcesBuildPhase;
			buildActionMask = 2147483647;
			files = (
			);
			runOnlyForDeploymentPostprocessing = 0;
		};
		3DC7E8752DFF27CC009C59D3 /* Sources */ = {
			isa = PBXSourcesBuildPhase;
			buildActionMask = 2147483647;
			files = (
			);
			runOnlyForDeploymentPostprocessing = 0;
		};
		3DC7E87F2DFF27CC009C59D3 /* Sources */ = {
			isa = PBXSourcesBuildPhase;
			buildActionMask = 2147483647;
			files = (
			);
			runOnlyForDeploymentPostprocessing = 0;
		};
/* End PBXSourcesBuildPhase section */

/* Begin PBXTargetDependency section */
		3DC7E87B2DFF27CC009C59D3 /* PBXTargetDependency */ = {
			isa = PBXTargetDependency;
			target = 3DC7E8682DFF27CB009C59D3 /* NLPClient */;
			targetProxy = 3DC7E87A2DFF27CC009C59D3 /* PBXContainerItemProxy */;
		};
		3DC7E8852DFF27CC009C59D3 /* PBXTargetDependency */ = {
			isa = PBXTargetDependency;
			target = 3DC7E8682DFF27CB009C59D3 /* NLPClient */;
			targetProxy = 3DC7E8842DFF27CC009C59D3 /* PBXContainerItemProxy */;
		};
/* End PBXTargetDependency section */

/* Begin XCBuildConfiguration section */
		3DC7E88B2DFF27CC009C59D3 /* Debug */ = {
			isa = XCBuildConfiguration;
			buildSettings = {
				ALWAYS_SEARCH_USER_PATHS = NO;
				ASSETCATALOG_COMPILER_GENERATE_SWIFT_ASSET_SYMBOL_EXTENSIONS = YES;
				CLANG_ANALYZER_NONNULL = YES;
				CLANG_ANALYZER_NUMBER_OBJECT_CONVERSION = YES_AGGRESSIVE;
				CLANG_CXX_LANGUAGE_STANDARD = "gnu++20";
				CLANG_ENABLE_MODULES = YES;
				CLANG_ENABLE_OBJC_ARC = YES;
				CLANG_ENABLE_OBJC_WEAK = YES;
				CLANG_WARN_BLOCK_CAPTURE_AUTORELEASING = YES;
				CLANG_WARN_BOOL_CONVERSION = YES;
				CLANG_WARN_COMMA = YES;
				CLANG_WARN_CONSTANT_CONVERSION = YES;
				CLANG_WARN_DEPRECATED_OBJC_IMPLEMENTATIONS = YES;
				CLANG_WARN_DIRECT_OBJC_ISA_USAGE = YES_ERROR;
				CLANG_WARN_DOCUMENTATION_COMMENTS = YES;
				CLANG_WARN_EMPTY_BODY = YES;
				CLANG_WARN_ENUM_CONVERSION = YES;
				CLANG_WARN_INFINITE_RECURSION = YES;
				CLANG_WARN_INT_CONVERSION = YES;
				CLANG_WARN_NON_LITERAL_NULL_CONVERSION = YES;
				CLANG_WARN_OBJC_IMPLICIT_RETAIN_SELF = YES;
				CLANG_WARN_OBJC_LITERAL_CONVERSION = YES;
				CLANG_WARN_OBJC_ROOT_CLASS = YES_ERROR;
				CLANG_WARN_QUOTED_INCLUDE_IN_FRAMEWORK_HEADER = YES;
				CLANG_WARN_RANGE_LOOP_ANALYSIS = YES;
				CLANG_WARN_STRICT_PROTOTYPES = YES;
				CLANG_WARN_SUSPICIOUS_MOVE = YES;
				CLANG_WARN_UNGUARDED_AVAILABILITY = YES_AGGRESSIVE;
				CLANG_WARN_UNREACHABLE_CODE = YES;
				CLANG_WARN__DUPLICATE_METHOD_MATCH = YES;
				COPY_PHASE_STRIP = NO;
				DEBUG_INFORMATION_FORMAT = dwarf;
				ENABLE_STRICT_OBJC_MSGSEND = YES;
				ENABLE_TESTABILITY = YES;
				ENABLE_USER_SCRIPT_SANDBOXING = YES;
				GCC_C_LANGUAGE_STANDARD = gnu17;
				GCC_DYNAMIC_NO_PIC = NO;
				GCC_NO_COMMON_BLOCKS = YES;
				GCC_OPTIMIZATION_LEVEL = 0;
				GCC_PREPROCESSOR_DEFINITIONS = (
					"DEBUG=1",
					"$(inherited)",
				);
				GCC_WARN_64_TO_32_BIT_CONVERSION = YES;
				GCC_WARN_ABOUT_RETURN_TYPE = YES_ERROR;
				GCC_WARN_UNDECLARED_SELECTOR = YES;
				GCC_WARN_UNINITIALIZED_AUTOS = YES_AGGRESSIVE;
				GCC_WARN_UNUSED_FUNCTION = YES;
				GCC_WARN_UNUSED_VARIABLE = YES;
				IPHONEOS_DEPLOYMENT_TARGET = 18.2;
				LOCALIZATION_PREFERS_STRING_CATALOGS = YES;
				MTL_ENABLE_DEBUG_INFO = INCLUDE_SOURCE;
				MTL_FAST_MATH = YES;
				ONLY_ACTIVE_ARCH = YES;
				SDKROOT = iphoneos;
				SWIFT_ACTIVE_COMPILATION_CONDITIONS = "DEBUG $(inherited)";
				SWIFT_OPTIMIZATION_LEVEL = "-Onone";
			};
			name = Debug;
		};
		3DC7E88C2DFF27CC009C59D3 /* Release */ = {
			isa = XCBuildConfiguration;
			buildSettings = {
				ALWAYS_SEARCH_USER_PATHS = NO;
				ASSETCATALOG_COMPILER_GENERATE_SWIFT_ASSET_SYMBOL_EXTENSIONS = YES;
				CLANG_ANALYZER_NONNULL = YES;
				CLANG_ANALYZER_NUMBER_OBJECT_CONVERSION = YES_AGGRESSIVE;
				CLANG_CXX_LANGUAGE_STANDARD = "gnu++20";
				CLANG_ENABLE_MODULES = YES;
				CLANG_ENABLE_OBJC_ARC = YES;
				CLANG_ENABLE_OBJC_WEAK = YES;
				CLANG_WARN_BLOCK_CAPTURE_AUTORELEASING = YES;
				CLANG_WARN_BOOL_CONVERSION = YES;
				CLANG_WARN_COMMA = YES;
				CLANG_WARN_CONSTANT_CONVERSION = YES;
				CLANG_WARN_DEPRECATED_OBJC_IMPLEMENTATIONS = YES;
				CLANG_WARN_DIRECT_OBJC_ISA_USAGE = YES_ERROR;
				CLANG_WARN_DOCUMENTATION_COMMENTS = YES;
				CLANG_WARN_EMPTY_BODY = YES;
				CLANG_WARN_ENUM_CONVERSION = YES;
				CLANG_WARN_INFINITE_RECURSION = YES;
				CLANG_WARN_INT_CONVERSION = YES;
				CLANG_WARN_NON_LITERAL_NULL_CONVERSION = YES;
				CLANG_WARN_OBJC_IMPLICIT_RETAIN_SELF = YES;
				CLANG_WARN_OBJC_LITERAL_CONVERSION = YES;
				CLANG_WARN_OBJC_ROOT_CLASS = YES_ERROR;
				CLANG_WARN_QUOTED_INCLUDE_IN_FRAMEWORK_HEADER = YES;
				CLANG_WARN_RANGE_LOOP_ANALYSIS = YES;
				CLANG_WARN_STRICT_PROTOTYPES = YES;
				CLANG_WARN_SUSPICIOUS_MOVE = YES;
				CLANG_WARN_UNGUARDED_AVAILABILITY = YES_AGGRESSIVE;
				CLANG_WARN_UNREACHABLE_CODE = YES;
				CLANG_WARN__DUPLICATE_METHOD_MATCH = YES;
				COPY_PHASE_STRIP = NO;
				DEBUG_INFORMATION_FORMAT = "dwarf-with-dsym";
				ENABLE_NS_ASSERTIONS = NO;
				ENABLE_STRICT_OBJC_MSGSEND = YES;
				ENABLE_USER_SCRIPT_SANDBOXING = YES;
				GCC_C_LANGUAGE_STANDARD = gnu17;
				GCC_NO_COMMON_BLOCKS = YES;
				GCC_WARN_64_TO_32_BIT_CONVERSION = YES;
				GCC_WARN_ABOUT_RETURN_TYPE = YES_ERROR;
				GCC_WARN_UNDECLARED_SELECTOR = YES;
				GCC_WARN_UNINITIALIZED_AUTOS = YES_AGGRESSIVE;
				GCC_WARN_UNUSED_FUNCTION = YES;
				GCC_WARN_UNUSED_VARIABLE = YES;
				IPHONEOS_DEPLOYMENT_TARGET = 18.2;
				LOCALIZATION_PREFERS_STRING_CATALOGS = YES;
				MTL_ENABLE_DEBUG_INFO = NO;
				MTL_FAST_MATH = YES;
				SDKROOT = iphoneos;
				SWIFT_COMPILATION_MODE = wholemodule;
				VALIDATE_PRODUCT = YES;
			};
			name = Release;
		};
		3DC7E88E2DFF27CC009C59D3 /* Debug */ = {
			isa = XCBuildConfiguration;
			buildSettings = {
				ASSETCATALOG_COMPILER_APPICON_NAME = AppIcon;
				ASSETCATALOG_COMPILER_GLOBAL_ACCENT_COLOR_NAME = AccentColor;
				CODE_SIGN_STYLE = Automatic;
				CURRENT_PROJECT_VERSION = 1;
				DEVELOPMENT_ASSET_PATHS = "\"NLPClient/Preview Content\"";
				DEVELOPMENT_TEAM = XS9UN8F2AX;
				ENABLE_PREVIEWS = YES;
				GENERATE_INFOPLIST_FILE = YES;
				INFOPLIST_KEY_UIApplicationSceneManifest_Generation = YES;
				INFOPLIST_KEY_UIApplicationSupportsIndirectInputEvents = YES;
				INFOPLIST_KEY_UILaunchScreen_Generation = YES;
				INFOPLIST_KEY_UISupportedInterfaceOrientations_iPad = "UIInterfaceOrientationPortrait UIInterfaceOrientationPortraitUpsideDown UIInterfaceOrientationLandscapeLeft UIInterfaceOrientationLandscapeRight";
				INFOPLIST_KEY_UISupportedInterfaceOrientations_iPhone = "UIInterfaceOrientationPortrait UIInterfaceOrientationLandscapeLeft UIInterfaceOrientationLandscapeRight";
				LD_RUNPATH_SEARCH_PATHS = (
					"$(inherited)",
					"@executable_path/Frameworks",
				);
				MARKETING_VERSION = 1.0;
				PRODUCT_BUNDLE_IDENTIFIER = com.youngtaek.NLPClient;
				PRODUCT_NAME = "$(TARGET_NAME)";
				SWIFT_EMIT_LOC_STRINGS = YES;
				SWIFT_VERSION = 5.0;
				TARGETED_DEVICE_FAMILY = "1,2";
			};
			name = Debug;
		};
		3DC7E88F2DFF27CC009C59D3 /* Release */ = {
			isa = XCBuildConfiguration;
			buildSettings = {
				ASSETCATALOG_COMPILER_APPICON_NAME = AppIcon;
				ASSETCATALOG_COMPILER_GLOBAL_ACCENT_COLOR_NAME = AccentColor;
				CODE_SIGN_STYLE = Automatic;
				CURRENT_PROJECT_VERSION = 1;
				DEVELOPMENT_ASSET_PATHS = "\"NLPClient/Preview Content\"";
				DEVELOPMENT_TEAM = XS9UN8F2AX;
				ENABLE_PREVIEWS = YES;
				GENERATE_INFOPLIST_FILE = YES;
				INFOPLIST_KEY_UIApplicationSceneManifest_Generation = YES;
				INFOPLIST_KEY_UIApplicationSupportsIndirectInputEvents = YES;
				INFOPLIST_KEY_UILaunchScreen_Generation = YES;
				INFOPLIST_KEY_UISupportedInterfaceOrientations_iPad = "UIInterfaceOrientationPortrait UIInterfaceOrientationPortraitUpsideDown UIInterfaceOrientationLandscapeLeft UIInterfaceOrientationLandscapeRight";
				INFOPLIST_KEY_UISupportedInterfaceOrientations_iPhone = "UIInterfaceOrientationPortrait UIInterfaceOrientationLandscapeLeft UIInterfaceOrientationLandscapeRight";
				LD_RUNPATH_SEARCH_PATHS = (
					"$(inherited)",
					"@executable_path/Frameworks",
				);
				MARKETING_VERSION = 1.0;
				PRODUCT_BUNDLE_IDENTIFIER = com.youngtaek.NLPClient;
				PRODUCT_NAME = "$(TARGET_NAME)";
				SWIFT_EMIT_LOC_STRINGS = YES;
				SWIFT_VERSION = 5.0;
				TARGETED_DEVICE_FAMILY = "1,2";
			};
			name = Release;
		};
		3DC7E8912DFF27CC009C59D3 /* Debug */ = {
			isa = XCBuildConfiguration;
			buildSettings = {
				BUNDLE_LOADER = "$(TEST_HOST)";
				CODE_SIGN_STYLE = Automatic;
				CURRENT_PROJECT_VERSION = 1;
				DEVELOPMENT_TEAM = XS9UN8F2AX;
				GENERATE_INFOPLIST_FILE = YES;
				IPHONEOS_DEPLOYMENT_TARGET = 18.2;
				MARKETING_VERSION = 1.0;
				PRODUCT_BUNDLE_IDENTIFIER = com.youngtaek.NLPClientTests;
				PRODUCT_NAME = "$(TARGET_NAME)";
				SWIFT_EMIT_LOC_STRINGS = NO;
				SWIFT_VERSION = 5.0;
				TARGETED_DEVICE_FAMILY = "1,2";
				TEST_HOST = "$(BUILT_PRODUCTS_DIR)/NLPClient.app/$(BUNDLE_EXECUTABLE_FOLDER_PATH)/NLPClient";
			};
			name = Debug;
		};
		3DC7E8922DFF27CC009C59D3 /* Release */ = {
			isa = XCBuildConfiguration;
			buildSettings = {
				BUNDLE_LOADER = "$(TEST_HOST)";
				CODE_SIGN_STYLE = Automatic;
				CURRENT_PROJECT_VERSION = 1;
				DEVELOPMENT_TEAM = XS9UN8F2AX;
				GENERATE_INFOPLIST_FILE = YES;
				IPHONEOS_DEPLOYMENT_TARGET = 18.2;
				MARKETING_VERSION = 1.0;
				PRODUCT_BUNDLE_IDENTIFIER = com.youngtaek.NLPClientTests;
				PRODUCT_NAME = "$(TARGET_NAME)";
				SWIFT_EMIT_LOC_STRINGS = NO;
				SWIFT_VERSION = 5.0;
				TARGETED_DEVICE_FAMILY = "1,2";
				TEST_HOST = "$(BUILT_PRODUCTS_DIR)/NLPClient.app/$(BUNDLE_EXECUTABLE_FOLDER_PATH)/NLPClient";
			};
			name = Release;
		};
		3DC7E8942DFF27CC009C59D3 /* Debug */ = {
			isa = XCBuildConfiguration;
			buildSettings = {
				CODE_SIGN_STYLE = Automatic;
				CURRENT_PROJECT_VERSION = 1;
				DEVELOPMENT_TEAM = XS9UN8F2AX;
				GENERATE_INFOPLIST_FILE = YES;
				MARKETING_VERSION = 1.0;
				PRODUCT_BUNDLE_IDENTIFIER = com.youngtaek.NLPClientUITests;
				PRODUCT_NAME = "$(TARGET_NAME)";
				SWIFT_EMIT_LOC_STRINGS = NO;
				SWIFT_VERSION = 5.0;
				TARGETED_DEVICE_FAMILY = "1,2";
				TEST_TARGET_NAME = NLPClient;
			};
			name = Debug;
		};
		3DC7E8952DFF27CC009C59D3 /* Release */ = {
			isa = XCBuildConfiguration;
			buildSettings = {
				CODE_SIGN_STYLE = Automatic;
				CURRENT_PROJECT_VERSION = 1;
				DEVELOPMENT_TEAM = XS9UN8F2AX;
				GENERATE_INFOPLIST_FILE = YES;
				MARKETING_VERSION = 1.0;
				PRODUCT_BUNDLE_IDENTIFIER = com.youngtaek.NLPClientUITests;
				PRODUCT_NAME = "$(TARGET_NAME)";
				SWIFT_EMIT_LOC_STRINGS = NO;
				SWIFT_VERSION = 5.0;
				TARGETED_DEVICE_FAMILY = "1,2";
				TEST_TARGET_NAME = NLPClient;
			};
			name = Release;
		};
/* End XCBuildConfiguration section */

/* Begin XCConfigurationList section */
		3DC7E8642DFF27CB009C59D3 /* Build configuration list for PBXProject "NLPClient" */ = {
			isa = XCConfigurationList;
			buildConfigurations = (
				3DC7E88B2DFF27CC009C59D3 /* Debug */,
				3DC7E88C2DFF27CC009C59D3 /* Release */,
			);
			defaultConfigurationIsVisible = 0;
			defaultConfigurationName = Release;
		};
		3DC7E88D2DFF27CC009C59D3 /* Build configuration list for PBXNativeTarget "NLPClient" */ = {
			isa = XCConfigurationList;
			buildConfigurations = (
				3DC7E88E2DFF27CC009C59D3 /* Debug */,
				3DC7E88F2DFF27CC009C59D3 /* Release */,
			);
			defaultConfigurationIsVisible = 0;
			defaultConfigurationName = Release;
		};
		3DC7E8902DFF27CC009C59D3 /* Build configuration list for PBXNativeTarget "NLPClientTests" */ = {
			isa = XCConfigurationList;
			buildConfigurations = (
				3DC7E8912DFF27CC009C59D3 /* Debug */,
				3DC7E8922DFF27CC009C59D3 /* Release */,
			);
			defaultConfigurationIsVisible = 0;
			defaultConfigurationName = Release;
		};
		3DC7E8932DFF27CC009C59D3 /* Build configuration list for PBXNativeTarget "NLPClientUITests" */ = {
			isa = XCConfigurationList;
			buildConfigurations = (
				3DC7E8942DFF27CC009C59D3 /* Debug */,
				3DC7E8952DFF27CC009C59D3 /* Release */,
			);
			defaultConfigurationIsVisible = 0;
			defaultConfigurationName = Release;
		};
/* End XCConfigurationList section */
	};
	rootObject = 3DC7E8612DFF27CB009C59D3 /* Project object */;
}
